
Microsoft Visual Studio Solution File, Format Version 12.00
# Visual Studio 15
VisualStudioVersion = 15.0.28307.329
MinimumVisualStudioVersion = 10.0.40219.1
Project("{F2A71F9B-5D33-465A-A702-920D77279786}") = "localdeclarations", "localdeclarations\localdeclarations.fsproj", "{7A942C87-5586-48D2-86F3-D12CB8B3881D}"
EndProject
Global
	GlobalSection(SolutionConfigurationPlatforms) = preSolution
		Debug|Any CPU = Debug|Any CPU
		Release|Any CPU = Release|Any CPU
	EndGlobalSection
	GlobalSection(ProjectConfigurationPlatforms) = postSolution
		{7A942C87-5586-48D2-86F3-D12CB8B3881D}.Debug|Any CPU.ActiveCfg = Debug|Any CPU
		{7A942C87-5586-48D2-86F3-D12CB8B3881D}.Debug|Any CPU.Build.0 = Debug|Any CPU
		{7A942C87-5586-48D2-86F3-D12CB8B3881D}.Release|Any CPU.ActiveCfg = Release|Any CPU
		{7A942C87-5586-48D2-86F3-D12CB8B3881D}.Release|Any CPU.Build.0 = Release|Any CPU
	EndGlobalSection
	GlobalSection(SolutionProperties) = preSolution
		HideSolutionNode = FALSE
	EndGlobalSection
	GlobalSection(ExtensibilityGlobals) = postSolution
		SolutionGuid = {0086A1E6-ACF8-4D8D-AA3D-CC6A397FD39A}
	EndGlobalSection
EndGlobal
